
Microsoft Visual Studio Solution File, Format Version 12.00
# Visual Studio Version 16
VisualStudioVersion = 16.0.29709.97
MinimumVisualStudioVersion = 10.0.40219.1
Project("{9A19103F-16F7-4668-BE54-9A1E7A4F7556}") = "Math margin", "Math margin.csproj", "{84150998-3A2B-4A9B-B473-6D649F40A646}"
EndProject
Global
	GlobalSection(SolutionConfigurationPlatforms) = preSolution
		Debug|Any CPU = Debug|Any CPU
		Release|Any CPU = Release|Any CPU
	EndGlobalSection
	GlobalSection(ProjectConfigurationPlatforms) = postSolution
		{84150998-3A2B-4A9B-B473-6D649F40A646}.Debug|Any CPU.ActiveCfg = Debug|Any CPU
		{84150998-3A2B-4A9B-B473-6D649F40A646}.Debug|Any CPU.Build.0 = Debug|Any CPU
		{84150998-3A2B-4A9B-B473-6D649F40A646}.Release|Any CPU.ActiveCfg = Release|Any CPU
		{84150998-3A2B-4A9B-B473-6D649F40A646}.Release|Any CPU.Build.0 = Release|Any CPU
	EndGlobalSection
	GlobalSection(SolutionProperties) = preSolution
		HideSolutionNode = FALSE
	EndGlobalSection
	GlobalSection(ExtensibilityGlobals) = postSolution
		SolutionGuid = {3E8E5C94-AAD1-4A5D-B995-541CDA5303E3}
	EndGlobalSection
EndGlobal
